
Microsoft Visual Studio Solution File, Format Version 12.00
# Visual Studio Version 17
VisualStudioVersion = 17.8.34525.116
MinimumVisualStudioVersion = 10.0.40219.1
Project("{FAE04EC0-301F-11D3-BF4B-00C04F79EFBC}") = "Final_project_yuvraj_sidhu", "Final_project_yuvraj_sidhu.csproj", "{97D5B4C1-C902-497E-85D2-EB2192EF5D05}"
EndProject
Global
	GlobalSection(SolutionConfigurationPlatforms) = preSolution
		Debug|Any CPU = Debug|Any CPU
		Release|Any CPU = Release|Any CPU
	EndGlobalSection
	GlobalSection(ProjectConfigurationPlatforms) = postSolution
		{97D5B4C1-C902-497E-85D2-EB2192EF5D05}.Debug|Any CPU.ActiveCfg = Debug|Any CPU
		{97D5B4C1-C902-497E-85D2-EB2192EF5D05}.Debug|Any CPU.Build.0 = Debug|Any CPU
		{97D5B4C1-C902-497E-85D2-EB2192EF5D05}.Release|Any CPU.ActiveCfg = Release|Any CPU
		{97D5B4C1-C902-497E-85D2-EB2192EF5D05}.Release|Any CPU.Build.0 = Release|Any CPU
	EndGlobalSection
	GlobalSection(SolutionProperties) = preSolution
		HideSolutionNode = FALSE
	EndGlobalSection
	GlobalSection(ExtensibilityGlobals) = postSolution
		SolutionGuid = {659B9B18-8F08-4F8B-83A4-F9F176010FBB}
	EndGlobalSection
EndGlobal
